// !$*UTF8*$!
{
	archiveVersion = 1;
	classes = {
	};
	objectVersion = 77;
	objects = {

/* Begin PBXBuildFile section */
		A19CFB999D77B6FA3AD47B65 /* Pods_AdSurgeDemo.framework in Frameworks */ = {isa = PBXBuildFile; fileRef = DED4CD3E1B39F56DF6FB7D3F /* Pods_AdSurgeDemo.framework */; };
/* End PBXBuildFile section */

/* Begin PBXContainerItemProxy section */
		441FF3922D883D0700C84BD0 /* PBXContainerItemProxy */ = {
			isa = PBXContainerItemProxy;
			containerPortal = 441FF36E2D883D0400C84BD0 /* Project object */;
			proxyType = 1;
			remoteGlobalIDString = 441FF3752D883D0400C84BD0;
			remoteInfo = ODCDemo;
		};
		441FF39C2D883D0700C84BD0 /* PBXContainerItemProxy */ = {
			isa = PBXContainerItemProxy;
			containerPortal = 441FF36E2D883D0400C84BD0 /* Project object */;
			proxyType = 1;
			remoteGlobalIDString = 441FF3752D883D0400C84BD0;
			remoteInfo = ODCDemo;
		};
/* End PBXContainerItemProxy section */

/* Begin PBXFileReference section */
		11C5C9A29124B6E9D0A80325 /* Pods-AdSurgeDemo.release.xcconfig */ = {isa = PBXFileReference; includeInIndex = 1; lastKnownFileType = text.xcconfig; name = "Pods-AdSurgeDemo.release.xcconfig"; path = "Target Support Files/Pods-AdSurgeDemo/Pods-AdSurgeDemo.release.xcconfig"; sourceTree = "<group>"; };
		441FF3762D883D0400C84BD0 /* AdSurgeDemo.app */ = {isa = PBXFileReference; explicitFileType = wrapper.application; includeInIndex = 0; path = AdSurgeDemo.app; sourceTree = BUILT_PRODUCTS_DIR; };
		441FF3912D883D0700C84BD0 /* AdSurgeDemoTests.xctest */ = {isa = PBXFileReference; explicitFileType = wrapper.cfbundle; includeInIndex = 0; path = AdSurgeDemoTests.xctest; sourceTree = BUILT_PRODUCTS_DIR; };
		441FF39B2D883D0700C84BD0 /* AdSurgeDemoUITests.xctest */ = {isa = PBXFileReference; explicitFileType = wrapper.cfbundle; includeInIndex = 0; path = AdSurgeDemoUITests.xctest; sourceTree = BUILT_PRODUCTS_DIR; };
		DED4CD3E1B39F56DF6FB7D3F /* Pods_AdSurgeDemo.framework */ = {isa = PBXFileReference; explicitFileType = wrapper.framework; includeInIndex = 0; path = Pods_AdSurgeDemo.framework; sourceTree = BUILT_PRODUCTS_DIR; };
		FE608C41CA3D60A342A36A89 /* Pods-AdSurgeDemo.debug.xcconfig */ = {isa = PBXFileReference; includeInIndex = 1; lastKnownFileType = text.xcconfig; name = "Pods-AdSurgeDemo.debug.xcconfig"; path = "Target Support Files/Pods-AdSurgeDemo/Pods-AdSurgeDemo.debug.xcconfig"; sourceTree = "<group>"; };
/* End PBXFileReference section */

/* Begin PBXFileSystemSynchronizedBuildFileExceptionSet section */
		441FF3A32D883D0700C84BD0 /* Exceptions for "AdSurgeDemo" folder in "AdSurgeDemo" target */ = {
			isa = PBXFileSystemSynchronizedBuildFileExceptionSet;
			membershipExceptions = (
				Info.plist,
			);
			target = 441FF3752D883D0400C84BD0 /* AdSurgeDemo */;
		};
/* End PBXFileSystemSynchronizedBuildFileExceptionSet section */

/* Begin PBXFileSystemSynchronizedRootGroup section */
		441FF3782D883D0400C84BD0 /* AdSurgeDemo */ = {
			isa = PBXFileSystemSynchronizedRootGroup;
			exceptions = (
				441FF3A32D883D0700C84BD0 /* Exceptions for "AdSurgeDemo" folder in "AdSurgeDemo" target */,
			);
			path = AdSurgeDemo;
			sourceTree = "<group>";
		};
		441FF3942D883D0700C84BD0 /* AdSurgeDemoTests */ = {
			isa = PBXFileSystemSynchronizedRootGroup;
			exceptions = (
			);
			path = AdSurgeDemoTests;
			sourceTree = "<group>";
		};
		441FF39E2D883D0700C84BD0 /* AdSurgeDemoUITests */ = {
			isa = PBXFileSystemSynchronizedRootGroup;
			exceptions = (
			);
			path = AdSurgeDemoUITests;
			sourceTree = "<group>";
		};
/* End PBXFileSystemSynchronizedRootGroup section */

/* Begin PBXFrameworksBuildPhase section */
		441FF3732D883D0400C84BD0 /* Frameworks */ = {
			isa = PBXFrameworksBuildPhase;
			buildActionMask = 2147483647;
			files = (
				A19CFB999D77B6FA3AD47B65 /* Pods_AdSurgeDemo.framework in Frameworks */,
			);
			runOnlyForDeploymentPostprocessing = 0;
		};
		441FF38E2D883D0700C84BD0 /* Frameworks */ = {
			isa = PBXFrameworksBuildPhase;
			buildActionMask = 2147483647;
			files = (
			);
			runOnlyForDeploymentPostprocessing = 0;
		};
		441FF3982D883D0700C84BD0 /* Frameworks */ = {
			isa = PBXFrameworksBuildPhase;
			buildActionMask = 2147483647;
			files = (
			);
			runOnlyForDeploymentPostprocessing = 0;
		};
/* End PBXFrameworksBuildPhase section */

/* Begin PBXGroup section */
		441FF36D2D883D0400C84BD0 = {
			isa = PBXGroup;
			children = (
				441FF3782D883D0400C84BD0 /* AdSurgeDemo */,
				441FF3942D883D0700C84BD0 /* AdSurgeDemoTests */,
				441FF39E2D883D0700C84BD0 /* AdSurgeDemoUITests */,
				441FF47C2D8842B200C84BD0 /* Frameworks */,
				441FF3772D883D0400C84BD0 /* Products */,
				803F708967AEE17885E309DC /* Pods */,
			);
			sourceTree = "<group>";
		};
		441FF3772D883D0400C84BD0 /* Products */ = {
			isa = PBXGroup;
			children = (
				441FF3762D883D0400C84BD0 /* AdSurgeDemo.app */,
				441FF3912D883D0700C84BD0 /* AdSurgeDemoTests.xctest */,
				441FF39B2D883D0700C84BD0 /* AdSurgeDemoUITests.xctest */,
			);
			name = Products;
			sourceTree = "<group>";
		};
		441FF47C2D8842B200C84BD0 /* Frameworks */ = {
			isa = PBXGroup;
			children = (
				DED4CD3E1B39F56DF6FB7D3F /* Pods_AdSurgeDemo.framework */,
			);
			name = Frameworks;
			sourceTree = "<group>";
		};
		803F708967AEE17885E309DC /* Pods */ = {
			isa = PBXGroup;
			children = (
				FE608C41CA3D60A342A36A89 /* Pods-AdSurgeDemo.debug.xcconfig */,
				11C5C9A29124B6E9D0A80325 /* Pods-AdSurgeDemo.release.xcconfig */,
			);
			name = Pods;
			path = ../Pods;
			sourceTree = "<group>";
		};
/* End PBXGroup section */

/* Begin PBXNativeTarget section */
		441FF3752D883D0400C84BD0 /* AdSurgeDemo */ = {
			isa = PBXNativeTarget;
			buildConfigurationList = 441FF3A42D883D0700C84BD0 /* Build configuration list for PBXNativeTarget "AdSurgeDemo" */;
			buildPhases = (
				D4DF2270DED429B2A9F98059 /* [CP] Check Pods Manifest.lock */,
				441FF3722D883D0400C84BD0 /* Sources */,
				441FF3732D883D0400C84BD0 /* Frameworks */,
				441FF3742D883D0400C84BD0 /* Resources */,
				0C401F7236E39F508E6B6C7D /* [CP] Copy Pods Resources */,
			);
			buildRules = (
			);
			dependencies = (
			);
			fileSystemSynchronizedGroups = (
				441FF3782D883D0400C84BD0 /* AdSurgeDemo */,
			);
			name = AdSurgeDemo;
			productName = ODCDemo;
			productReference = 441FF3762D883D0400C84BD0 /* AdSurgeDemo.app */;
			productType = "com.apple.product-type.application";
		};
		441FF3902D883D0700C84BD0 /* AdSurgeDemoTests */ = {
			isa = PBXNativeTarget;
			buildConfigurationList = 441FF3A92D883D0700C84BD0 /* Build configuration list for PBXNativeTarget "AdSurgeDemoTests" */;
			buildPhases = (
				441FF38D2D883D0700C84BD0 /* Sources */,
				441FF38E2D883D0700C84BD0 /* Frameworks */,
				441FF38F2D883D0700C84BD0 /* Resources */,
			);
			buildRules = (
			);
			dependencies = (
				441FF3932D883D0700C84BD0 /* PBXTargetDependency */,
			);
			fileSystemSynchronizedGroups = (
				441FF3942D883D0700C84BD0 /* AdSurgeDemoTests */,
			);
			name = AdSurgeDemoTests;
			productName = ODCDemoTests;
			productReference = 441FF3912D883D0700C84BD0 /* AdSurgeDemoTests.xctest */;
			productType = "com.apple.product-type.bundle.unit-test";
		};
		441FF39A2D883D0700C84BD0 /* AdSurgeDemoUITests */ = {
			isa = PBXNativeTarget;
			buildConfigurationList = 441FF3AC2D883D0700C84BD0 /* Build configuration list for PBXNativeTarget "AdSurgeDemoUITests" */;
			buildPhases = (
				441FF3972D883D0700C84BD0 /* Sources */,
				441FF3982D883D0700C84BD0 /* Frameworks */,
				441FF3992D883D0700C84BD0 /* Resources */,
			);
			buildRules = (
			);
			dependencies = (
				441FF39D2D883D0700C84BD0 /* PBXTargetDependency */,
			);
			fileSystemSynchronizedGroups = (
				441FF39E2D883D0700C84BD0 /* AdSurgeDemoUITests */,
			);
			name = AdSurgeDemoUITests;
			productName = ODCDemoUITests;
			productReference = 441FF39B2D883D0700C84BD0 /* AdSurgeDemoUITests.xctest */;
			productType = "com.apple.product-type.bundle.ui-testing";
		};
/* End PBXNativeTarget section */

/* Begin PBXProject section */
		441FF36E2D883D0400C84BD0 /* Project object */ = {
			isa = PBXProject;
			attributes = {
				BuildIndependentTargetsInParallel = 1;
				LastUpgradeCheck = 1620;
				TargetAttributes = {
					441FF3752D883D0400C84BD0 = {
						CreatedOnToolsVersion = 16.2;
					};
					441FF3902D883D0700C84BD0 = {
						CreatedOnToolsVersion = 16.2;
						TestTargetID = 441FF3752D883D0400C84BD0;
					};
					441FF39A2D883D0700C84BD0 = {
						CreatedOnToolsVersion = 16.2;
						TestTargetID = 441FF3752D883D0400C84BD0;
					};
				};
			};
			buildConfigurationList = 441FF3712D883D0400C84BD0 /* Build configuration list for PBXProject "AdSurgeDemo" */;
			developmentRegion = en;
			hasScannedForEncodings = 0;
			knownRegions = (
				en,
				Base,
			);
			mainGroup = 441FF36D2D883D0400C84BD0;
			minimizedProjectReferenceProxies = 1;
			preferredProjectObjectVersion = 77;
			productRefGroup = 441FF3772D883D0400C84BD0 /* Products */;
			projectDirPath = "";
			projectRoot = "";
			targets = (
				441FF3752D883D0400C84BD0 /* AdSurgeDemo */,
				441FF3902D883D0700C84BD0 /* AdSurgeDemoTests */,
				441FF39A2D883D0700C84BD0 /* AdSurgeDemoUITests */,
			);
		};
/* End PBXProject section */

/* Begin PBXResourcesBuildPhase section */
		441FF3742D883D0400C84BD0 /* Resources */ = {
			isa = PBXResourcesBuildPhase;
			buildActionMask = 2147483647;
			files = (
			);
			runOnlyForDeploymentPostprocessing = 0;
		};
		441FF38F2D883D0700C84BD0 /* Resources */ = {
			isa = PBXResourcesBuildPhase;
			buildActionMask = 2147483647;
			files = (
			);
			runOnlyForDeploymentPostprocessing = 0;
		};
		441FF3992D883D0700C84BD0 /* Resources */ = {
			isa = PBXResourcesBuildPhase;
			buildActionMask = 2147483647;
			files = (
			);
			runOnlyForDeploymentPostprocessing = 0;
		};
/* End PBXResourcesBuildPhase section */

/* Begin PBXShellScriptBuildPhase section */
		0C401F7236E39F508E6B6C7D /* [CP] Copy Pods Resources */ = {
			isa = PBXShellScriptBuildPhase;
			buildActionMask = 2147483647;
			files = (
			);
			inputFileListPaths = (
				"${PODS_ROOT}/Target Support Files/Pods-AdSurgeDemo/Pods-AdSurgeDemo-resources-${CONFIGURATION}-input-files.xcfilelist",
			);
			name = "[CP] Copy Pods Resources";
			outputFileListPaths = (
				"${PODS_ROOT}/Target Support Files/Pods-AdSurgeDemo/Pods-AdSurgeDemo-resources-${CONFIGURATION}-output-files.xcfilelist",
			);
			runOnlyForDeploymentPostprocessing = 0;
			shellPath = /bin/sh;
			shellScript = "\"${PODS_ROOT}/Target Support Files/Pods-AdSurgeDemo/Pods-AdSurgeDemo-resources.sh\"\n";
			showEnvVarsInLog = 0;
		};
		D4DF2270DED429B2A9F98059 /* [CP] Check Pods Manifest.lock */ = {
			isa = PBXShellScriptBuildPhase;
			buildActionMask = 2147483647;
			files = (
			);
			inputFileListPaths = (
			);
			inputPaths = (
				"${PODS_PODFILE_DIR_PATH}/Podfile.lock",
				"${PODS_ROOT}/Manifest.lock",
			);
			name = "[CP] Check Pods Manifest.lock";
			outputFileListPaths = (
			);
			outputPaths = (
				"$(DERIVED_FILE_DIR)/Pods-AdSurgeDemo-checkManifestLockResult.txt",
			);
			runOnlyForDeploymentPostprocessing = 0;
			shellPath = /bin/sh;
			shellScript = "diff \"${PODS_PODFILE_DIR_PATH}/Podfile.lock\" \"${PODS_ROOT}/Manifest.lock\" > /dev/null\nif [ $? != 0 ] ; then\n    # print error to STDERR\n    echo \"error: The sandbox is not in sync with the Podfile.lock. Run 'pod install' or update your CocoaPods installation.\" >&2\n    exit 1\nfi\n# This output is used by Xcode 'outputs' to avoid re-running this script phase.\necho \"SUCCESS\" > \"${SCRIPT_OUTPUT_FILE_0}\"\n";
			showEnvVarsInLog = 0;
		};
/* End PBXShellScriptBuildPhase section */

/* Begin PBXSourcesBuildPhase section */
		441FF3722D883D0400C84BD0 /* Sources */ = {
			isa = PBXSourcesBuildPhase;
			buildActionMask = 2147483647;
			files = (
			);
			runOnlyForDeploymentPostprocessing = 0;
		};
		441FF38D2D883D0700C84BD0 /* Sources */ = {
			isa = PBXSourcesBuildPhase;
			buildActionMask = 2147483647;
			files = (
			);
			runOnlyForDeploymentPostprocessing = 0;
		};
		441FF3972D883D0700C84BD0 /* Sources */ = {
			isa = PBXSourcesBuildPhase;
			buildActionMask = 2147483647;
			files = (
			);
			runOnlyForDeploymentPostprocessing = 0;
		};
/* End PBXSourcesBuildPhase section */

/* Begin PBXTargetDependency section */
		441FF3932D883D0700C84BD0 /* PBXTargetDependency */ = {
			isa = PBXTargetDependency;
			target = 441FF3752D883D0400C84BD0 /* AdSurgeDemo */;
			targetProxy = 441FF3922D883D0700C84BD0 /* PBXContainerItemProxy */;
		};
		441FF39D2D883D0700C84BD0 /* PBXTargetDependency */ = {
			isa = PBXTargetDependency;
			target = 441FF3752D883D0400C84BD0 /* AdSurgeDemo */;
			targetProxy = 441FF39C2D883D0700C84BD0 /* PBXContainerItemProxy */;
		};
/* End PBXTargetDependency section */

/* Begin XCBuildConfiguration section */
		441FF3A52D883D0700C84BD0 /* Debug */ = {
			isa = XCBuildConfiguration;
			baseConfigurationReference = FE608C41CA3D60A342A36A89 /* Pods-AdSurgeDemo.debug.xcconfig */;
			buildSettings = {
				ASSETCATALOG_COMPILER_APPICON_NAME = AppIcon;
				ASSETCATALOG_COMPILER_GLOBAL_ACCENT_COLOR_NAME = AccentColor;
				"CODE_SIGN_IDENTITY[sdk=iphoneos*]" = "iPhone Developer";
				CODE_SIGN_STYLE = Manual;
				CURRENT_PROJECT_VERSION = 1;
				DEVELOPMENT_TEAM = "";
				"DEVELOPMENT_TEAM[sdk=iphoneos*]" = GE6TQN759S;
				GENERATE_INFOPLIST_FILE = YES;
				INFOPLIST_FILE = AdSurgeDemo/Info.plist;
				INFOPLIST_KEY_CFBundleDisplayName = AdSurge;
				INFOPLIST_KEY_NSUserTrackingUsageDescription = "Get idfa for custom ad";
				INFOPLIST_KEY_UIApplicationSupportsIndirectInputEvents = YES;
				INFOPLIST_KEY_UILaunchStoryboardName = LaunchScreen;
				INFOPLIST_KEY_UIMainStoryboardFile = Main;
				INFOPLIST_KEY_UISupportedInterfaceOrientations = "UIInterfaceOrientationLandscapeLeft UIInterfaceOrientationLandscapeRight UIInterfaceOrientationPortrait";
				INFOPLIST_KEY_UISupportedInterfaceOrientations_iPad = "UIInterfaceOrientationLandscapeRight UIInterfaceOrientationPortrait UIInterfaceOrientationPortraitUpsideDown";
				IPHONEOS_DEPLOYMENT_TARGET = 13;
				LD_RUNPATH_SEARCH_PATHS = (
					"$(inherited)",
					"@executable_path/Frameworks",
				);
				MARKETING_VERSION = 1.0;
				PRODUCT_BUNDLE_IDENTIFIER = com.AdSurge.Dev;
				PRODUCT_NAME = "$(TARGET_NAME)";
				PROVISIONING_PROFILE_SPECIFIER = "";
				"PROVISIONING_PROFILE_SPECIFIER[sdk=iphoneos*]" = "AdSurge-Explicit-Development";
				SWIFT_EMIT_LOC_STRINGS = YES;
				TARGETED_DEVICE_FAMILY = "1,2";
			};
			name = Debug;
		};
		441FF3A62D883D0700C84BD0 /* Release */ = {
			isa = XCBuildConfiguration;
			baseConfigurationReference = 11C5C9A29124B6E9D0A80325 /* Pods-AdSurgeDemo.release.xcconfig */;
			buildSettings = {
				ASSETCATALOG_COMPILER_APPICON_NAME = AppIcon;
				ASSETCATALOG_COMPILER_GLOBAL_ACCENT_COLOR_NAME = AccentColor;
				"CODE_SIGN_IDENTITY[sdk=iphoneos*]" = "iPhone Distribution";
				CODE_SIGN_STYLE = Manual;
				CURRENT_PROJECT_VERSION = 1;
				DEVELOPMENT_TEAM = "";
				"DEVELOPMENT_TEAM[sdk=iphoneos*]" = GE6TQN759S;
				GENERATE_INFOPLIST_FILE = YES;
				INFOPLIST_FILE = AdSurgeDemo/Info.plist;
				INFOPLIST_KEY_CFBundleDisplayName = AdSurge;
				INFOPLIST_KEY_NSUserTrackingUsageDescription = "Get idfa for custom ad";
				INFOPLIST_KEY_UIApplicationSupportsIndirectInputEvents = YES;
				INFOPLIST_KEY_UILaunchStoryboardName = LaunchScreen;
				INFOPLIST_KEY_UIMainStoryboardFile = Main;
				INFOPLIST_KEY_UISupportedInterfaceOrientations = "UIInterfaceOrientationLandscapeLeft UIInterfaceOrientationLandscapeRight UIInterfaceOrientationPortrait";
				INFOPLIST_KEY_UISupportedInterfaceOrientations_iPad = "UIInterfaceOrientationLandscapeRight UIInterfaceOrientationPortrait UIInterfaceOrientationPortraitUpsideDown";
				IPHONEOS_DEPLOYMENT_TARGET = 13;
				LD_RUNPATH_SEARCH_PATHS = (
					"$(inherited)",
					"@executable_path/Frameworks",
				);
				MARKETING_VERSION = 1.0;
				PRODUCT_BUNDLE_IDENTIFIER = com.AdSurge.Dev;
				PRODUCT_NAME = "$(TARGET_NAME)";
				PROVISIONING_PROFILE_SPECIFIER = "";
				"PROVISIONING_PROFILE_SPECIFIER[sdk=iphoneos*]" = "AdSurge-Explicit-Ad Hoc";
				SWIFT_EMIT_LOC_STRINGS = YES;
				TARGETED_DEVICE_FAMILY = "1,2";
			};
			name = Release;
		};
		441FF3A72D883D0700C84BD0 /* Debug */ = {
			isa = XCBuildConfiguration;
			buildSettings = {
				ALWAYS_SEARCH_USER_PATHS = NO;
				ASSETCATALOG_COMPILER_GENERATE_SWIFT_ASSET_SYMBOL_EXTENSIONS = YES;
				CLANG_ANALYZER_NONNULL = YES;
				CLANG_ANALYZER_NUMBER_OBJECT_CONVERSION = YES_AGGRESSIVE;
				CLANG_CXX_LANGUAGE_STANDARD = "gnu++20";
				CLANG_ENABLE_MODULES = YES;
				CLANG_ENABLE_OBJC_ARC = YES;
				CLANG_ENABLE_OBJC_WEAK = YES;
				CLANG_WARN_BLOCK_CAPTURE_AUTORELEASING = YES;
				CLANG_WARN_BOOL_CONVERSION = YES;
				CLANG_WARN_COMMA = YES;
				CLANG_WARN_CONSTANT_CONVERSION = YES;
				CLANG_WARN_DEPRECATED_OBJC_IMPLEMENTATIONS = YES;
				CLANG_WARN_DIRECT_OBJC_ISA_USAGE = YES_ERROR;
				CLANG_WARN_DOCUMENTATION_COMMENTS = YES;
				CLANG_WARN_EMPTY_BODY = YES;
				CLANG_WARN_ENUM_CONVERSION = YES;
				CLANG_WARN_INFINITE_RECURSION = YES;
				CLANG_WARN_INT_CONVERSION = YES;
				CLANG_WARN_NON_LITERAL_NULL_CONVERSION = YES;
				CLANG_WARN_OBJC_IMPLICIT_RETAIN_SELF = YES;
				CLANG_WARN_OBJC_LITERAL_CONVERSION = YES;
				CLANG_WARN_OBJC_ROOT_CLASS = YES_ERROR;
				CLANG_WARN_QUOTED_INCLUDE_IN_FRAMEWORK_HEADER = YES;
				CLANG_WARN_RANGE_LOOP_ANALYSIS = YES;
				CLANG_WARN_STRICT_PROTOTYPES = YES;
				CLANG_WARN_SUSPICIOUS_MOVE = YES;
				CLANG_WARN_UNGUARDED_AVAILABILITY = YES_AGGRESSIVE;
				CLANG_WARN_UNREACHABLE_CODE = YES;
				CLANG_WARN__DUPLICATE_METHOD_MATCH = YES;
				COPY_PHASE_STRIP = NO;
				DEBUG_INFORMATION_FORMAT = dwarf;
				ENABLE_STRICT_OBJC_MSGSEND = YES;
				ENABLE_TESTABILITY = YES;
				ENABLE_USER_SCRIPT_SANDBOXING = NO;
				GCC_C_LANGUAGE_STANDARD = gnu17;
				GCC_DYNAMIC_NO_PIC = NO;
				GCC_NO_COMMON_BLOCKS = YES;
				GCC_OPTIMIZATION_LEVEL = 0;
				GCC_PREPROCESSOR_DEFINITIONS = (
					"DEBUG=1",
					"$(inherited)",
				);
				GCC_WARN_64_TO_32_BIT_CONVERSION = YES;
				GCC_WARN_ABOUT_RETURN_TYPE = YES_ERROR;
				GCC_WARN_UNDECLARED_SELECTOR = YES;
				GCC_WARN_UNINITIALIZED_AUTOS = YES_AGGRESSIVE;
				GCC_WARN_UNUSED_FUNCTION = YES;
				GCC_WARN_UNUSED_VARIABLE = YES;
				IPHONEOS_DEPLOYMENT_TARGET = 18.2;
				LOCALIZATION_PREFERS_STRING_CATALOGS = YES;
				MTL_ENABLE_DEBUG_INFO = INCLUDE_SOURCE;
				MTL_FAST_MATH = YES;
				ONLY_ACTIVE_ARCH = YES;
				SDKROOT = iphoneos;
			};
			name = Debug;
		};
		441FF3A82D883D0700C84BD0 /* Release */ = {
			isa = XCBuildConfiguration;
			buildSettings = {
				ALWAYS_SEARCH_USER_PATHS = NO;
				ASSETCATALOG_COMPILER_GENERATE_SWIFT_ASSET_SYMBOL_EXTENSIONS = YES;
				CLANG_ANALYZER_NONNULL = YES;
				CLANG_ANALYZER_NUMBER_OBJECT_CONVERSION = YES_AGGRESSIVE;
				CLANG_CXX_LANGUAGE_STANDARD = "gnu++20";
				CLANG_ENABLE_MODULES = YES;
				CLANG_ENABLE_OBJC_ARC = YES;
				CLANG_ENABLE_OBJC_WEAK = YES;
				CLANG_WARN_BLOCK_CAPTURE_AUTORELEASING = YES;
				CLANG_WARN_BOOL_CONVERSION = YES;
				CLANG_WARN_COMMA = YES;
				CLANG_WARN_CONSTANT_CONVERSION = YES;
				CLANG_WARN_DEPRECATED_OBJC_IMPLEMENTATIONS = YES;
				CLANG_WARN_DIRECT_OBJC_ISA_USAGE = YES_ERROR;
				CLANG_WARN_DOCUMENTATION_COMMENTS = YES;
				CLANG_WARN_EMPTY_BODY = YES;
				CLANG_WARN_ENUM_CONVERSION = YES;
				CLANG_WARN_INFINITE_RECURSION = YES;
				CLANG_WARN_INT_CONVERSION = YES;
				CLANG_WARN_NON_LITERAL_NULL_CONVERSION = YES;
				CLANG_WARN_OBJC_IMPLICIT_RETAIN_SELF = YES;
				CLANG_WARN_OBJC_LITERAL_CONVERSION = YES;
				CLANG_WARN_OBJC_ROOT_CLASS = YES_ERROR;
				CLANG_WARN_QUOTED_INCLUDE_IN_FRAMEWORK_HEADER = YES;
				CLANG_WARN_RANGE_LOOP_ANALYSIS = YES;
				CLANG_WARN_STRICT_PROTOTYPES = YES;
				CLANG_WARN_SUSPICIOUS_MOVE = YES;
				CLANG_WARN_UNGUARDED_AVAILABILITY = YES_AGGRESSIVE;
				CLANG_WARN_UNREACHABLE_CODE = YES;
				CLANG_WARN__DUPLICATE_METHOD_MATCH = YES;
				COPY_PHASE_STRIP = NO;
				DEBUG_INFORMATION_FORMAT = "dwarf-with-dsym";
				ENABLE_NS_ASSERTIONS = NO;
				ENABLE_STRICT_OBJC_MSGSEND = YES;
				ENABLE_USER_SCRIPT_SANDBOXING = NO;
				GCC_C_LANGUAGE_STANDARD = gnu17;
				GCC_NO_COMMON_BLOCKS = YES;
				GCC_WARN_64_TO_32_BIT_CONVERSION = YES;
				GCC_WARN_ABOUT_RETURN_TYPE = YES_ERROR;
				GCC_WARN_UNDECLARED_SELECTOR = YES;
				GCC_WARN_UNINITIALIZED_AUTOS = YES_AGGRESSIVE;
				GCC_WARN_UNUSED_FUNCTION = YES;
				GCC_WARN_UNUSED_VARIABLE = YES;
				IPHONEOS_DEPLOYMENT_TARGET = 18.2;
				LOCALIZATION_PREFERS_STRING_CATALOGS = YES;
				MTL_ENABLE_DEBUG_INFO = NO;
				MTL_FAST_MATH = YES;
				SDKROOT = iphoneos;
				VALIDATE_PRODUCT = YES;
			};
			name = Release;
		};
		441FF3AA2D883D0700C84BD0 /* Debug */ = {
			isa = XCBuildConfiguration;
			buildSettings = {
				BUNDLE_LOADER = "$(TEST_HOST)";
				"CODE_SIGN_IDENTITY[sdk=iphoneos*]" = "iPhone Developer";
				CODE_SIGN_STYLE = Manual;
				CURRENT_PROJECT_VERSION = 1;
				DEVELOPMENT_TEAM = "";
				"DEVELOPMENT_TEAM[sdk=iphoneos*]" = GE6TQN759S;
				GENERATE_INFOPLIST_FILE = YES;
				IPHONEOS_DEPLOYMENT_TARGET = 18.2;
				MARKETING_VERSION = 1.0;
				PRODUCT_BUNDLE_IDENTIFIER = com.AdSurge.DevTests;
				PRODUCT_NAME = "$(TARGET_NAME)";
				PROVISIONING_PROFILE_SPECIFIER = "";
				"PROVISIONING_PROFILE_SPECIFIER[sdk=iphoneos*]" = "AdSurge-Wildcard-Development";
				SUPPORTED_PLATFORMS = "iphoneos iphonesimulator";
				SUPPORTS_MACCATALYST = NO;
				SWIFT_EMIT_LOC_STRINGS = NO;
				TARGETED_DEVICE_FAMILY = "1,2";
				TEST_HOST = "$(BUILT_PRODUCTS_DIR)/AdSurgeDemo.app/$(BUNDLE_EXECUTABLE_FOLDER_PATH)/AdSurgeDemo";
			};
			name = Debug;
		};
		441FF3AB2D883D0700C84BD0 /* Release */ = {
			isa = XCBuildConfiguration;
			buildSettings = {
				BUNDLE_LOADER = "$(TEST_HOST)";
				"CODE_SIGN_IDENTITY[sdk=iphoneos*]" = "iPhone Developer";
				CODE_SIGN_STYLE = Manual;
				CURRENT_PROJECT_VERSION = 1;
				DEVELOPMENT_TEAM = "";
				"DEVELOPMENT_TEAM[sdk=iphoneos*]" = GE6TQN759S;
				GENERATE_INFOPLIST_FILE = YES;
				IPHONEOS_DEPLOYMENT_TARGET = 18.2;
				MARKETING_VERSION = 1.0;
				PRODUCT_BUNDLE_IDENTIFIER = com.AdSurge.DevTests;
				PRODUCT_NAME = "$(TARGET_NAME)";
				PROVISIONING_PROFILE_SPECIFIER = "";
				"PROVISIONING_PROFILE_SPECIFIER[sdk=iphoneos*]" = "AdSurge-Wildcard-Development";
				SUPPORTED_PLATFORMS = "iphoneos iphonesimulator";
				SUPPORTS_MACCATALYST = NO;
				SWIFT_EMIT_LOC_STRINGS = NO;
				TARGETED_DEVICE_FAMILY = "1,2";
				TEST_HOST = "$(BUILT_PRODUCTS_DIR)/AdSurgeDemo.app/$(BUNDLE_EXECUTABLE_FOLDER_PATH)/AdSurgeDemo";
			};
			name = Release;
		};
		441FF3AD2D883D0700C84BD0 /* Debug */ = {
			isa = XCBuildConfiguration;
			buildSettings = {
				"CODE_SIGN_IDENTITY[sdk=iphoneos*]" = "iPhone Developer";
				CODE_SIGN_STYLE = Manual;
				CURRENT_PROJECT_VERSION = 1;
				DEVELOPMENT_TEAM = "";
				"DEVELOPMENT_TEAM[sdk=iphoneos*]" = GE6TQN759S;
				GENERATE_INFOPLIST_FILE = YES;
				MARKETING_VERSION = 1.0;
				PRODUCT_BUNDLE_IDENTIFIER = com.AdSurge.DevUITests;
				PRODUCT_NAME = "$(TARGET_NAME)";
				PROVISIONING_PROFILE_SPECIFIER = "";
				"PROVISIONING_PROFILE_SPECIFIER[sdk=iphoneos*]" = "AdSurge-Wildcard-Development";
				SUPPORTED_PLATFORMS = "iphoneos iphonesimulator";
				SUPPORTS_MACCATALYST = NO;
				SWIFT_EMIT_LOC_STRINGS = NO;
				TARGETED_DEVICE_FAMILY = "1,2";
				TEST_TARGET_NAME = AdSurgeDemo;
			};
			name = Debug;
		};
		441FF3AE2D883D0700C84BD0 /* Release */ = {
			isa = XCBuildConfiguration;
			buildSettings = {
				"CODE_SIGN_IDENTITY[sdk=iphoneos*]" = "iPhone Developer";
				CODE_SIGN_STYLE = Manual;
				CURRENT_PROJECT_VERSION = 1;
				DEVELOPMENT_TEAM = "";
				"DEVELOPMENT_TEAM[sdk=iphoneos*]" = GE6TQN759S;
				GENERATE_INFOPLIST_FILE = YES;
				MARKETING_VERSION = 1.0;
				PRODUCT_BUNDLE_IDENTIFIER = com.AdSurge.DevUITests;
				PRODUCT_NAME = "$(TARGET_NAME)";
				PROVISIONING_PROFILE_SPECIFIER = "";
				"PROVISIONING_PROFILE_SPECIFIER[sdk=iphoneos*]" = "AdSurge-Wildcard-Development";
				SUPPORTED_PLATFORMS = "iphoneos iphonesimulator";
				SUPPORTS_MACCATALYST = NO;
				SWIFT_EMIT_LOC_STRINGS = NO;
				TARGETED_DEVICE_FAMILY = "1,2";
				TEST_TARGET_NAME = AdSurgeDemo;
			};
			name = Release;
		};
/* End XCBuildConfiguration section */

/* Begin XCConfigurationList section */
		441FF3712D883D0400C84BD0 /* Build configuration list for PBXProject "AdSurgeDemo" */ = {
			isa = XCConfigurationList;
			buildConfigurations = (
				441FF3A72D883D0700C84BD0 /* Debug */,
				441FF3A82D883D0700C84BD0 /* Release */,
			);
			defaultConfigurationIsVisible = 0;
			defaultConfigurationName = Release;
		};
		441FF3A42D883D0700C84BD0 /* Build configuration list for PBXNativeTarget "AdSurgeDemo" */ = {
			isa = XCConfigurationList;
			buildConfigurations = (
				441FF3A52D883D0700C84BD0 /* Debug */,
				441FF3A62D883D0700C84BD0 /* Release */,
			);
			defaultConfigurationIsVisible = 0;
			defaultConfigurationName = Release;
		};
		441FF3A92D883D0700C84BD0 /* Build configuration list for PBXNativeTarget "AdSurgeDemoTests" */ = {
			isa = XCConfigurationList;
			buildConfigurations = (
				441FF3AA2D883D0700C84BD0 /* Debug */,
				441FF3AB2D883D0700C84BD0 /* Release */,
			);
			defaultConfigurationIsVisible = 0;
			defaultConfigurationName = Release;
		};
		441FF3AC2D883D0700C84BD0 /* Build configuration list for PBXNativeTarget "AdSurgeDemoUITests" */ = {
			isa = XCConfigurationList;
			buildConfigurations = (
				441FF3AD2D883D0700C84BD0 /* Debug */,
				441FF3AE2D883D0700C84BD0 /* Release */,
			);
			defaultConfigurationIsVisible = 0;
			defaultConfigurationName = Release;
		};
/* End XCConfigurationList section */
	};
	rootObject = 441FF36E2D883D0400C84BD0 /* Project object */;
}
